<Solution>
  <Project Path="../Ejercicios P.O.O./Ej01/Ej01.csproj" />
  <Project Path="../Ejercicios P.O.O./Ej02/Ej02.csproj" />
  <Project Path="../Ejercicios P.O.O./Ej03/Ej03.csproj" />
  <Project Path="../Ejercicios P.O.O./Ej04/Ej04.csproj" />
  <Project Path="../Ejercicios P.O.O./Ej05/Ej05.csproj" />
</Solution>
